{
  "name": "mercado-livre-offer-collector",
  "version": "1.0.0",
  "lockfileVersion": 3,
  "requires": true,
  "packages": {
    "": {
      "name": "mercado-livre-offer-collector",
      "version": "1.0.0",
      "license": "MIT",
      "bin": {
        "ml-offers": "fetch-mercadolivre-products.js"
      },
      "engines": {
        "node": ">=22.5.0"
      }
    }
  }
}
